
Microsoft Visual Studio Solution File, Format Version 12.00
# Visual Studio Version 17
VisualStudioVersion = 17.0.31919.166
MinimumVisualStudioVersion = 10.0.40219.1
Project("{FAE04EC0-301F-11D3-BF4B-00C04F79EFBC}") = "SensorApi", "SensorApi.csproj", "{2D56FA06-C998-4D59-8BB4-FD7AD61A5C2F}"
EndProject
Global
	GlobalSection(SolutionConfigurationPlatforms) = preSolution
		Debug|Any CPU = Debug|Any CPU
		Release|Any CPU = Release|Any CPU
	EndGlobalSection
	GlobalSection(ProjectConfigurationPlatforms) = postSolution
		{2D56FA06-C998-4D59-8BB4-FD7AD61A5C2F}.Debug|Any CPU.ActiveCfg = Debug|Any CPU
		{2D56FA06-C998-4D59-8BB4-FD7AD61A5C2F}.Debug|Any CPU.Build.0 = Debug|Any CPU
		{2D56FA06-C998-4D59-8BB4-FD7AD61A5C2F}.Release|Any CPU.ActiveCfg = Release|Any CPU
		{2D56FA06-C998-4D59-8BB4-FD7AD61A5C2F}.Release|Any CPU.Build.0 = Release|Any CPU
	EndGlobalSection
	GlobalSection(SolutionProperties) = preSolution
		HideSolutionNode = FALSE
	EndGlobalSection
	GlobalSection(ExtensibilityGlobals) = postSolution
		SolutionGuid = {82D79378-5EB0-44FB-A46F-8B7625FA061D}
	EndGlobalSection
EndGlobal
